
Microsoft Visual Studio Solution File, Format Version 12.00
# Visual Studio 15
VisualStudioVersion = 15.0.27703.2035
MinimumVisualStudioVersion = 10.0.40219.1
Project("{FAE04EC0-301F-11D3-BF4B-00C04F79EFBC}") = "ROVGyroCal-Rev02", "ROVGyroCal-Rev02\ROVGyroCal-Rev02.csproj", "{5BBB8B11-5865-4184-B17D-169B629E1B09}"
EndProject
Global
	GlobalSection(SolutionConfigurationPlatforms) = preSolution
		Debug|Any CPU = Debug|Any CPU
		Release|Any CPU = Release|Any CPU
	EndGlobalSection
	GlobalSection(ProjectConfigurationPlatforms) = postSolution
		{5BBB8B11-5865-4184-B17D-169B629E1B09}.Debug|Any CPU.ActiveCfg = Debug|Any CPU
		{5BBB8B11-5865-4184-B17D-169B629E1B09}.Debug|Any CPU.Build.0 = Debug|Any CPU
		{5BBB8B11-5865-4184-B17D-169B629E1B09}.Release|Any CPU.ActiveCfg = Release|Any CPU
		{5BBB8B11-5865-4184-B17D-169B629E1B09}.Release|Any CPU.Build.0 = Release|Any CPU
	EndGlobalSection
	GlobalSection(SolutionProperties) = preSolution
		HideSolutionNode = FALSE
	EndGlobalSection
	GlobalSection(ExtensibilityGlobals) = postSolution
		SolutionGuid = {CD7A8AFC-3647-452E-B00C-C301659403D9}
	EndGlobalSection
EndGlobal
